
Microsoft Visual Studio Solution File, Format Version 12.00
# Visual Studio Version 16
VisualStudioVersion = 16.0.31112.23
MinimumVisualStudioVersion = 10.0.40219.1
Project("{FAE04EC0-301F-11D3-BF4B-00C04F79EFBC}") = "Google Drive", "Google Drive.csproj", "{17AE455A-9122-4605-A790-591FC1067E3F}"
EndProject
Global
	GlobalSection(SolutionConfigurationPlatforms) = preSolution
		Debug|Any CPU = Debug|Any CPU
		Release|Any CPU = Release|Any CPU
	EndGlobalSection
	GlobalSection(ProjectConfigurationPlatforms) = postSolution
		{17AE455A-9122-4605-A790-591FC1067E3F}.Debug|Any CPU.ActiveCfg = Debug|Any CPU
		{17AE455A-9122-4605-A790-591FC1067E3F}.Debug|Any CPU.Build.0 = Debug|Any CPU
		{17AE455A-9122-4605-A790-591FC1067E3F}.Release|Any CPU.ActiveCfg = Release|Any CPU
		{17AE455A-9122-4605-A790-591FC1067E3F}.Release|Any CPU.Build.0 = Release|Any CPU
	EndGlobalSection
	GlobalSection(SolutionProperties) = preSolution
		HideSolutionNode = FALSE
	EndGlobalSection
	GlobalSection(ExtensibilityGlobals) = postSolution
		SolutionGuid = {4C172D1B-D176-421D-A208-E086577A2CBB}
	EndGlobalSection
EndGlobal
